
Microsoft Visual Studio Solution File, Format Version 12.00
# Visual Studio Version 16
VisualStudioVersion = 16.0.30128.74
MinimumVisualStudioVersion = 10.0.40219.1
Project("{9A19103F-16F7-4668-BE54-9A1E7A4F7556}") = "CineManagerBlazor.Server", "CineManagerBlazor\Server\CineManagerBlazor.Server.csproj", "{396AA93B-EF65-4140-85B6-506F2FECA078}"
EndProject
Project("{9A19103F-16F7-4668-BE54-9A1E7A4F7556}") = "CineManagerBlazor.Client", "CineManagerBlazor\Client\CineManagerBlazor.Client.csproj", "{0A0A1AC2-50E0-489A-8AD8-2395E4245237}"
EndProject
Project("{9A19103F-16F7-4668-BE54-9A1E7A4F7556}") = "CineManagerBlazor.Shared", "CineManagerBlazor\Shared\CineManagerBlazor.Shared.csproj", "{10CEA48C-C7A1-4096-9116-208E0B6B6F0F}"
EndProject
Global
	GlobalSection(SolutionConfigurationPlatforms) = preSolution
		Debug|Any CPU = Debug|Any CPU
		Release|Any CPU = Release|Any CPU
	EndGlobalSection
	GlobalSection(ProjectConfigurationPlatforms) = postSolution
		{396AA93B-EF65-4140-85B6-506F2FECA078}.Debug|Any CPU.ActiveCfg = Debug|Any CPU
		{396AA93B-EF65-4140-85B6-506F2FECA078}.Debug|Any CPU.Build.0 = Debug|Any CPU
		{396AA93B-EF65-4140-85B6-506F2FECA078}.Release|Any CPU.ActiveCfg = Release|Any CPU
		{396AA93B-EF65-4140-85B6-506F2FECA078}.Release|Any CPU.Build.0 = Release|Any CPU
		{0A0A1AC2-50E0-489A-8AD8-2395E4245237}.Debug|Any CPU.ActiveCfg = Debug|Any CPU
		{0A0A1AC2-50E0-489A-8AD8-2395E4245237}.Debug|Any CPU.Build.0 = Debug|Any CPU
		{0A0A1AC2-50E0-489A-8AD8-2395E4245237}.Release|Any CPU.ActiveCfg = Release|Any CPU
		{0A0A1AC2-50E0-489A-8AD8-2395E4245237}.Release|Any CPU.Build.0 = Release|Any CPU
		{10CEA48C-C7A1-4096-9116-208E0B6B6F0F}.Debug|Any CPU.ActiveCfg = Debug|Any CPU
		{10CEA48C-C7A1-4096-9116-208E0B6B6F0F}.Debug|Any CPU.Build.0 = Debug|Any CPU
		{10CEA48C-C7A1-4096-9116-208E0B6B6F0F}.Release|Any CPU.ActiveCfg = Release|Any CPU
		{10CEA48C-C7A1-4096-9116-208E0B6B6F0F}.Release|Any CPU.Build.0 = Release|Any CPU
	EndGlobalSection
	GlobalSection(SolutionProperties) = preSolution
		HideSolutionNode = FALSE
	EndGlobalSection
	GlobalSection(ExtensibilityGlobals) = postSolution
		SolutionGuid = {9432CC5F-B3A8-4241-BC2A-C6D9038AFF4A}
	EndGlobalSection
EndGlobal
